{
  "name": "workman",
  "version": "1.0.0",
  "lockfileVersion": 1,
  "requires": true,
  "dependencies": {
    "@interactjs/actions": {
      "version": "1.4.1",
      "resolved": "https://registry.npmjs.org/@interactjs/actions/-/actions-1.4.1.tgz",
      "integrity": "sha512-LkmlFbdbFFwwy0P9qJbcvkBbbf0TkSPz3pzuTdKlvamc8X7ncV6f15rpi1f/+kGwct3PwSTlcrLVl3lymuS3Tw=="
    },
    "@interactjs/auto-scroll": {
      "version": "1.4.1",
      "resolved": "https://registry.npmjs.org/@interactjs/auto-scroll/-/auto-scroll-1.4.1.tgz",
      "integrity": "sha512-d9l0av9GR0JQyfUyvG1itbOaJQAa6fLloxZ9ywUeqqd7MWxk9Vd3V1RuPwDhogX2IIqsa5z47/UDglG/t0QbUg=="
    },
    "@interactjs/auto-start": {
      "version": "1.4.1",
      "resolved": "https://registry.npmjs.org/@interactjs/auto-start/-/auto-start-1.4.1.tgz",
      "integrity": "sha512-W83RPxLW6vvIBoicDgziW+AnFnW9TKQLPbVBZ0yeCSImytoSCBgzFG8eeGhVRJ6kNxvJefq9XXQO+b9gZkWiWQ=="
    },
    "@interactjs/core": {
      "version": "1.4.1",
      "resolved": "https://registry.npmjs.org/@interactjs/core/-/core-1.4.1.tgz",
      "integrity": "sha512-n0W1Z7aAFUp7ZLKKIyYF0boWGflVNsKU4nf4Letr1gdalmPtnb5ruyB19UQoijj6zGYyFnb0x8SuBHx+4YFbvQ=="
    },
    "@interactjs/dev-tools": {
      "version": "1.4.1",
      "resolved": "https://registry.npmjs.org/@interactjs/dev-tools/-/dev-tools-1.4.1.tgz",
      "integrity": "sha512-GjMQIIovS5/dJtbLq4J6F34JkAaEYxWplbTbt5yfFvDNJFnJSOPJVLNCw8uEu3dwctijKbodqol3TxLR0DzwoA==",
      "requires": {
        "@interactjs/utils": "1.4.1"
      }
    },
    "@interactjs/inertia": {
      "version": "1.4.1",
      "resolved": "https://registry.npmjs.org/@interactjs/inertia/-/inertia-1.4.1.tgz",
      "integrity": "sha512-yYIBWrwLjc2x5e3pCm1vLth+OFwCI+JdY3yykgoid/kV6ZtchQxa2tFZ6PCr9TaXyLYEWfvnjkx/Jx8JRJCVcA=="
    },
    "@interactjs/interact": {
      "version": "1.4.1",
      "resolved": "https://registry.npmjs.org/@interactjs/interact/-/interact-1.4.1.tgz",
      "integrity": "sha512-NHkleaGKmTtpGLIgYGH0U/Za8Ga3kyZg3VRNHUUGQJMNqxXqz6EoygT3U7hRtWDnCnV5zvC1aNaTej/K2XGHVA=="
    },
    "@interactjs/modifiers": {
      "version": "1.4.1",
      "resolved": "https://registry.npmjs.org/@interactjs/modifiers/-/modifiers-1.4.1.tgz",
      "integrity": "sha512-ccEcI/uDXMSZnjcVUQVc5lEk7iSyitOcXvgjlRBc6REsLYqsrxx9Aib1S4kawZ6rnYQNrx2hvynONJRh8E17NQ=="
    },
    "@interactjs/pointer-events": {
      "version": "1.4.1",
      "resolved": "https://registry.npmjs.org/@interactjs/pointer-events/-/pointer-events-1.4.1.tgz",
      "integrity": "sha512-SC4STZN47BboNT0+MYDmh3lf7VLGUKH7TDawptN/+PVDSyLNani4OUa01Py+dpW0Mfw1EiSCVyb4q2Se30ldzw=="
    },
    "@interactjs/reflow": {
      "version": "1.4.1",
      "resolved": "https://registry.npmjs.org/@interactjs/reflow/-/reflow-1.4.1.tgz",
      "integrity": "sha512-VEiYf4KROtIAhf7PGyUnKh+mGQfArrC7QImI6noa6pxbkbkFTl2sBH8qEbog2TmfLu+rKnHFARAUXA5psFAwKw=="
    },
    "@interactjs/types": {
      "version": "1.4.1",
      "resolved": "https://registry.npmjs.org/@interactjs/types/-/types-1.4.1.tgz",
      "integrity": "sha512-wnIPOZVD/lSqIMC5PJCUDWC02jOL133KWoCu0W3IhNYA2FySAOZTLTb1MRvJ8CWHuF1Lx/CGMgkRxu/8tEX8GQ==",
      "requires": {
        "@interactjs/actions": "1.4.1",
        "@interactjs/auto-scroll": "1.4.1",
        "@interactjs/auto-start": "1.4.1",
        "@interactjs/core": "1.4.1",
        "@interactjs/dev-tools": "1.4.1",
        "@interactjs/inertia": "1.4.1",
        "@interactjs/interact": "1.4.1",
        "@interactjs/modifiers": "1.4.1",
        "@interactjs/pointer-events": "1.4.1",
        "@interactjs/reflow": "1.4.1",
        "@interactjs/utils": "1.4.1"
      }
    },
    "@interactjs/utils": {
      "version": "1.4.1",
      "resolved": "https://registry.npmjs.org/@interactjs/utils/-/utils-1.4.1.tgz",
      "integrity": "sha512-8R8QR/ZnJTfPMu+9JwmWlRgXNHksbvpsxyKRbu7WXklwR1VklCPGiSURbBt0Uuni8j5XypdPeCGyR1SN2Kcucg=="
    },
    "atoa": {
      "version": "1.0.0",
      "resolved": "https://registry.npmjs.org/atoa/-/atoa-1.0.0.tgz",
      "integrity": "sha1-DMDpGkgOc4+SPrwQNnZHF3mzSkk="
    },
    "contra": {
      "version": "1.9.4",
      "resolved": "https://registry.npmjs.org/contra/-/contra-1.9.4.tgz",
      "integrity": "sha1-9TveQtfltZhcrk2ZqNYQUm3o8o0=",
      "requires": {
        "atoa": "1.0.0",
        "ticky": "1.0.1"
      }
    },
    "crossvent": {
      "version": "1.5.4",
      "resolved": "https://registry.npmjs.org/crossvent/-/crossvent-1.5.4.tgz",
      "integrity": "sha1-2ixPj0DJR4JRe/K+7BBEFIGUq5I=",
      "requires": {
        "custom-event": "1.0.0"
      }
    },
    "custom-event": {
      "version": "1.0.0",
      "resolved": "https://registry.npmjs.org/custom-event/-/custom-event-1.0.0.tgz",
      "integrity": "sha1-LkYovhncSyFLXAJjDFlx6BFhgGI="
    },
    "dragula": {
      "version": "3.7.2",
      "resolved": "https://registry.npmjs.org/dragula/-/dragula-3.7.2.tgz",
      "integrity": "sha1-SjXJ05gf+sGpScKcpyhQWOhzk84=",
      "requires": {
        "contra": "1.9.4",
        "crossvent": "1.5.4"
      }
    },
    "interactjs": {
      "version": "1.4.1",
      "resolved": "https://registry.npmjs.org/interactjs/-/interactjs-1.4.1.tgz",
      "integrity": "sha512-e79Ykta+aHwjw4CMTA1TdZHV51MWcZt1yZ9YskakfEBzO24HDHK4LmujTS06pA6ZH5DcbAVm/g/Y6MqnCouX/g==",
      "requires": {
        "@interactjs/types": "1.4.1"
      }
    },
    "jquery": {
      "version": "3.4.1",
      "resolved": "https://registry.npmjs.org/jquery/-/jquery-3.4.1.tgz",
      "integrity": "sha512-36+AdBzCL+y6qjw5Tx7HgzeGCzC81MDDgaUP8ld2zhx58HdqXGoBd+tHdrBMiyjGQs0Hxs/MLZTu/eHNJJuWPw=="
    },
    "ticky": {
      "version": "1.0.1",
      "resolved": "https://registry.npmjs.org/ticky/-/ticky-1.0.1.tgz",
      "integrity": "sha1-t8+nHnaPHJAAxJe5FRswlHxQ5G0="
    }
  }
}
